{
  "requires": true,
  "lockfileVersion": 1,
  "dependencies": {
    "country-flag-icons": {
      "version": "1.2.7",
      "resolved": "https://registry.npmjs.org/country-flag-icons/-/country-flag-icons-1.2.7.tgz",
      "integrity": "sha512-Dh1OA6QHeSXs75B7oBeOrccxQhjAtb2gGFF1iGAdhfB0X15wSJgpjYpPb/ZEiqQawJ19W1GvenG6BG/ua/41TQ=="
    }
  }
}
